
Microsoft Visual Studio Solution File, Format Version 12.00
# Visual Studio Version 17
VisualStudioVersion = 17.0.31919.166
MinimumVisualStudioVersion = 10.0.40219.1
Project("{FAE04EC0-301F-11D3-BF4B-00C04F79EFBC}") = "Work", "Work\Work.csproj", "{AEA6796C-9BCA-45B3-8C26-C2F87C023902}"
EndProject
Global
	GlobalSection(SolutionConfigurationPlatforms) = preSolution
		Debug|Any CPU = Debug|Any CPU
		Release|Any CPU = Release|Any CPU
	EndGlobalSection
	GlobalSection(ProjectConfigurationPlatforms) = postSolution
		{AEA6796C-9BCA-45B3-8C26-C2F87C023902}.Debug|Any CPU.ActiveCfg = Debug|Any CPU
		{AEA6796C-9BCA-45B3-8C26-C2F87C023902}.Debug|Any CPU.Build.0 = Debug|Any CPU
		{AEA6796C-9BCA-45B3-8C26-C2F87C023902}.Release|Any CPU.ActiveCfg = Release|Any CPU
		{AEA6796C-9BCA-45B3-8C26-C2F87C023902}.Release|Any CPU.Build.0 = Release|Any CPU
	EndGlobalSection
	GlobalSection(SolutionProperties) = preSolution
		HideSolutionNode = FALSE
	EndGlobalSection
	GlobalSection(ExtensibilityGlobals) = postSolution
		SolutionGuid = {A49825F6-5355-48CA-A314-14822DA2498B}
	EndGlobalSection
EndGlobal
